<?xml version="1.0" encoding="utf-8"?>
<Project ToolsVersion="4.0" xmlns="http://schemas.microsoft.com/developer/msbuild/2003">
  <ItemGroup>
    <Filter Include="Engine">
      <UniqueIdentifier>{DBC7D3B0-C769-FE86-B024-12DB9C6585D7}</UniqueIdentifier>
    </Filter>
    <Filter Include="Engine\Core">
      <UniqueIdentifier>{130D9B61-7FC2-1357-08B7-0D2E746B0A5B}</UniqueIdentifier>
    </Filter>
    <Filter Include="Engine\Graphics">
      <UniqueIdentifier>{7B960115-E721-6FD9-F032-F2CD5C3DCBD9}</UniqueIdentifier>
    </Filter>
    <Filter Include="Engine\Graphics\API">
      <UniqueIdentifier>{E440A950-50A2-865E-D90F-CD104570BD1D}</UniqueIdentifier>
    </Filter>
    <Filter Include="Engine\Graphics\Lights">
      <UniqueIdentifier>{15A71D3B-01A1-468D-EA0D-DD9DD6A6ACF9}</UniqueIdentifier>
    </Filter>
    <Filter Include="Engine\Graphics\Model">
      <UniqueIdentifier>{FBAFE720-671C-A31B-3010-3B799C3BC583}</UniqueIdentifier>
    </Filter>
    <Filter Include="SandBox">
      <UniqueIdentifier>{D43924E3-4019-A37E-4931-2E55B58F09E0}</UniqueIdentifier>
    </Filter>
    <Filter Include="Shaders">
      <UniqueIdentifier>{EFAC8DF2-5B8C-0C8E-64A4-9764D00273EF}</UniqueIdentifier>
    </Filter>
    <Filter Include="Shaders\MeshViewer">
      <UniqueIdentifier>{3D492636-292D-E78B-928D-E1DE7E90D10D}</UniqueIdentifier>
    </Filter>
  </ItemGroup>
  <ItemGroup>
    <ClInclude Include="Engine\Core\Application.hpp">
      <Filter>Engine\Core</Filter>
    </ClInclude>
    <ClInclude Include="Engine\Core\Engine.hpp">
      <Filter>Engine\Core</Filter>
    </ClInclude>
    <ClInclude Include="Engine\Core\Helpers.hpp">
      <Filter>Engine\Core</Filter>
    </ClInclude>
    <ClInclude Include="Engine\Core\Timer.hpp">
      <Filter>Engine\Core</Filter>
    </ClInclude>
    <ClInclude Include="Engine\Core\UIManager.hpp">
      <Filter>Engine\Core</Filter>
    </ClInclude>
    <ClInclude Include="Engine\Graphics\API\CommandQueue.hpp">
      <Filter>Engine\Graphics\API</Filter>
    </ClInclude>
    <ClInclude Include="Engine\Graphics\API\ConstantBuffer.hpp">
      <Filter>Engine\Graphics\API</Filter>
    </ClInclude>
    <ClInclude Include="Engine\Graphics\API\Descriptor.hpp">
      <Filter>Engine\Graphics\API</Filter>
    </ClInclude>
    <ClInclude Include="Engine\Graphics\API\Device.hpp">
      <Filter>Engine\Graphics\API</Filter>
    </ClInclude>
    <ClInclude Include="Engine\Graphics\API\GraphicsContext.hpp">
      <Filter>Engine\Graphics\API</Filter>
    </ClInclude>
    <ClInclude Include="Engine\Graphics\API\MemoryAllocator.hpp">
      <Filter>Engine\Graphics\API</Filter>
    </ClInclude>
    <ClInclude Include="Engine\Graphics\API\Resources.hpp">
      <Filter>Engine\Graphics\API</Filter>
    </ClInclude>
    <ClInclude Include="Engine\Graphics\API\d3dx12.hpp">
      <Filter>Engine\Graphics\API</Filter>
    </ClInclude>
    <ClInclude Include="Engine\Graphics\Lights\Light.hpp">
      <Filter>Engine\Graphics\Lights</Filter>
    </ClInclude>
    <ClInclude Include="Engine\Graphics\Model\Model.hpp">
      <Filter>Engine\Graphics\Model</Filter>
    </ClInclude>
    <ClInclude Include="Engine\Helios.hpp">
      <Filter>Engine</Filter>
    </ClInclude>
    <ClInclude Include="Engine\Pch.hpp">
      <Filter>Engine</Filter>
    </ClInclude>
    <ClInclude Include="SandBox\SandBox.hpp">
      <Filter>SandBox</Filter>
    </ClInclude>
    <ClInclude Include="ThirdParty\D3D12MemoryAllocator\D3D12MemAlloc.h" />
    <ClInclude Include="Engine\Graphics\API\PipelineState.hpp" />
  </ItemGroup>
  <ItemGroup>
    <ClCompile Include="Engine\Core\Application.cpp">
      <Filter>Engine\Core</Filter>
    </ClCompile>
    <ClCompile Include="Engine\Core\Engine.cpp">
      <Filter>Engine\Core</Filter>
    </ClCompile>
    <ClCompile Include="Engine\Core\Main.cpp">
      <Filter>Engine\Core</Filter>
    </ClCompile>
    <ClCompile Include="Engine\Core\Timer.cpp">
      <Filter>Engine\Core</Filter>
    </ClCompile>
    <ClCompile Include="Engine\Core\UIManager.cpp">
      <Filter>Engine\Core</Filter>
    </ClCompile>
    <ClCompile Include="Engine\Graphics\API\CommandQueue.cpp">
      <Filter>Engine\Graphics\API</Filter>
    </ClCompile>
    <ClCompile Include="Engine\Graphics\API\Descriptor.cpp">
      <Filter>Engine\Graphics\API</Filter>
    </ClCompile>
    <ClCompile Include="Engine\Graphics\API\Device.cpp">
      <Filter>Engine\Graphics\API</Filter>
    </ClCompile>
    <ClCompile Include="Engine\Graphics\API\GraphicsContext.cpp">
      <Filter>Engine\Graphics\API</Filter>
    </ClCompile>
    <ClCompile Include="Engine\Graphics\API\MemoryAllocator.cpp">
      <Filter>Engine\Graphics\API</Filter>
    </ClCompile>
    <ClCompile Include="Engine\Graphics\API\PipelineState.cpp">
      <Filter>Engine\Graphics\API</Filter>
    </ClCompile>
    <ClCompile Include="Engine\Graphics\Lights\Light.cpp">
      <Filter>Engine\Graphics\Lights</Filter>
    </ClCompile>
    <ClCompile Include="Engine\Graphics\Model\Model.cpp">
      <Filter>Engine\Graphics\Model</Filter>
    </ClCompile>
    <ClCompile Include="Engine\Pch.cpp">
      <Filter>Engine</Filter>
    </ClCompile>
    <ClCompile Include="SandBox\SandBox.cpp">
      <Filter>SandBox</Filter>
    </ClCompile>
    <ClCompile Include="ThirdParty\D3D12MemoryAllocator\D3D12MemAlloc.cpp" />
  </ItemGroup>
  <ItemGroup>
    <None Include="Shaders\Common\BindlessRS.hlsli">
      <Filter>Shaders</Filter>
    </None>
    <None Include="Shaders\Common\ConstantBuffers.hlsli">
      <Filter>Shaders</Filter>
    </None>
    <None Include="Shaders\MeshViewer\MeshViewerPS.hlsl">
      <Filter>Shaders\MeshViewer</Filter>
    </None>
    <None Include="Shaders\MeshViewer\MeshViewerVS.hlsl">
      <Filter>Shaders\MeshViewer</Filter>
    </None>
  </ItemGroup>
</Project>